
Microsoft Visual Studio Solution File, Format Version 12.00
# Visual Studio Version 16
VisualStudioVersion = 16.0.29613.14
MinimumVisualStudioVersion = 10.0.40219.1
Project("{FAE04EC0-301F-11D3-BF4B-00C04F79EFBC}") = "NxtLvl_E-Diary", "NxtLvl_E-Diary\NxtLvl_E-Diary.csproj", "{52003EA6-2131-4DAA-B653-17F7687EE2C6}"
EndProject
Project("{2150E333-8FDC-42A3-9474-1A3956D46DE8}") = "Solution Items", "Solution Items", "{DBE5AE85-9FFB-4D4F-AF07-AED0A93174B4}"
EndProject
Global
	GlobalSection(SolutionConfigurationPlatforms) = preSolution
		Debug|Any CPU = Debug|Any CPU
		Release|Any CPU = Release|Any CPU
	EndGlobalSection
	GlobalSection(ProjectConfigurationPlatforms) = postSolution
		{52003EA6-2131-4DAA-B653-17F7687EE2C6}.Debug|Any CPU.ActiveCfg = Debug|Any CPU
		{52003EA6-2131-4DAA-B653-17F7687EE2C6}.Debug|Any CPU.Build.0 = Debug|Any CPU
		{52003EA6-2131-4DAA-B653-17F7687EE2C6}.Release|Any CPU.ActiveCfg = Release|Any CPU
		{52003EA6-2131-4DAA-B653-17F7687EE2C6}.Release|Any CPU.Build.0 = Release|Any CPU
	EndGlobalSection
	GlobalSection(SolutionProperties) = preSolution
		HideSolutionNode = FALSE
	EndGlobalSection
	GlobalSection(ExtensibilityGlobals) = postSolution
		SolutionGuid = {321407C9-7462-4F01-AD4B-C10FDE49948C}
	EndGlobalSection
EndGlobal
